
Microsoft Visual Studio Solution File, Format Version 12.00
# Visual Studio Version 16
VisualStudioVersion = 16.0.30128.74
MinimumVisualStudioVersion = 10.0.40219.1
Project("{FAE04EC0-301F-11D3-BF4B-00C04F79EFBC}") = "IoTSharp.Edge.CoAP", "edge\IoTSharp.Edge.CoAP.csproj", "{EE801BD6-5757-4A55-BC94-7FBA6E98F393}"
EndProject
Project("{9A19103F-16F7-4668-BE54-9A1E7A4F7556}") = "CoAP.NET", "CoAP.NET\CoAP.NET\CoAP.NET.csproj", "{53202F4D-D461-4947-B3C6-BD661DA65121}"
EndProject
Global
	GlobalSection(SolutionConfigurationPlatforms) = preSolution
		Debug|Any CPU = Debug|Any CPU
		Release|Any CPU = Release|Any CPU
	EndGlobalSection
	GlobalSection(ProjectConfigurationPlatforms) = postSolution
		{EE801BD6-5757-4A55-BC94-7FBA6E98F393}.Debug|Any CPU.ActiveCfg = Debug|Any CPU
		{EE801BD6-5757-4A55-BC94-7FBA6E98F393}.Debug|Any CPU.Build.0 = Debug|Any CPU
		{EE801BD6-5757-4A55-BC94-7FBA6E98F393}.Release|Any CPU.ActiveCfg = Release|Any CPU
		{EE801BD6-5757-4A55-BC94-7FBA6E98F393}.Release|Any CPU.Build.0 = Release|Any CPU
		{53202F4D-D461-4947-B3C6-BD661DA65121}.Debug|Any CPU.ActiveCfg = Debug|Any CPU
		{53202F4D-D461-4947-B3C6-BD661DA65121}.Debug|Any CPU.Build.0 = Debug|Any CPU
		{53202F4D-D461-4947-B3C6-BD661DA65121}.Release|Any CPU.ActiveCfg = Release|Any CPU
		{53202F4D-D461-4947-B3C6-BD661DA65121}.Release|Any CPU.Build.0 = Release|Any CPU
	EndGlobalSection
	GlobalSection(SolutionProperties) = preSolution
		HideSolutionNode = FALSE
	EndGlobalSection
	GlobalSection(ExtensibilityGlobals) = postSolution
		SolutionGuid = {C4628596-FDA6-4169-8B1E-EEB4E4FAE7C4}
	EndGlobalSection
EndGlobal
